// !$*UTF8*$!
{
	archiveVersion = 1;
	classes = {
	};
	objectVersion = 50;
	objects = {

/* Begin PBXBuildFile section */
		EE47BD1E21947E19007A61D7 /* AppDelegate.swift in Sources */ = {isa = PBXBuildFile; fileRef = EE47BD1D21947E19007A61D7 /* AppDelegate.swift */; };
		EE47BD2521947E19007A61D7 /* Main.storyboard in Resources */ = {isa = PBXBuildFile; fileRef = EE47BD2321947E19007A61D7 /* Main.storyboard */; };
		EE47BD2721947E1B007A61D7 /* Assets.xcassets in Resources */ = {isa = PBXBuildFile; fileRef = EE47BD2621947E1B007A61D7 /* Assets.xcassets */; };
		EE47BD2A21947E1B007A61D7 /* LaunchScreen.storyboard in Resources */ = {isa = PBXBuildFile; fileRef = EE47BD2821947E1B007A61D7 /* LaunchScreen.storyboard */; };
		EE47BD3521947E1B007A61D7 /* SwarsTests.swift in Sources */ = {isa = PBXBuildFile; fileRef = EE47BD3421947E1B007A61D7 /* SwarsTests.swift */; };
		EE47BD4421948F4A007A61D7 /* FavoritesViewController.swift in Sources */ = {isa = PBXBuildFile; fileRef = EE47BD4321948F4A007A61D7 /* FavoritesViewController.swift */; };
		EE47BD46219493A1007A61D7 /* CharactersViewController.swift in Sources */ = {isa = PBXBuildFile; fileRef = EE47BD45219493A1007A61D7 /* CharactersViewController.swift */; };
		EE8BE3EB2194D785005B8EC2 /* MoviesViewController.swift in Sources */ = {isa = PBXBuildFile; fileRef = EE8BE3EA2194D785005B8EC2 /* MoviesViewController.swift */; };
		EE8BE3EF2194DA3E005B8EC2 /* MoviesTableViewCell.swift in Sources */ = {isa = PBXBuildFile; fileRef = EE8BE3EE2194DA3E005B8EC2 /* MoviesTableViewCell.swift */; };
		EE8BE3F12194DC1E005B8EC2 /* MovieResponse.swift in Sources */ = {isa = PBXBuildFile; fileRef = EE8BE3F02194DC1E005B8EC2 /* MovieResponse.swift */; };
		EE8BE3F32194DCDC005B8EC2 /* Character.swift in Sources */ = {isa = PBXBuildFile; fileRef = EE8BE3F22194DCDC005B8EC2 /* Character.swift */; };
		EE8BE3F72194DE00005B8EC2 /* SwarsRepository.xcdatamodeld in Sources */ = {isa = PBXBuildFile; fileRef = EE8BE3F52194DE00005B8EC2 /* SwarsRepository.xcdatamodeld */; };
		EE8BE41C2194E607005B8EC2 /* CharacterEntity+CoreDataClass.swift in Sources */ = {isa = PBXBuildFile; fileRef = EE8BE4182194E607005B8EC2 /* CharacterEntity+CoreDataClass.swift */; };
		EE8BE41D2194E607005B8EC2 /* CharacterEntity+CoreDataProperties.swift in Sources */ = {isa = PBXBuildFile; fileRef = EE8BE4192194E607005B8EC2 /* CharacterEntity+CoreDataProperties.swift */; };
		EE8BE41E2194E607005B8EC2 /* MovieEntity+CoreDataClass.swift in Sources */ = {isa = PBXBuildFile; fileRef = EE8BE41A2194E607005B8EC2 /* MovieEntity+CoreDataClass.swift */; };
		EE8BE41F2194E607005B8EC2 /* MovieEntity+CoreDataProperties.swift in Sources */ = {isa = PBXBuildFile; fileRef = EE8BE41B2194E607005B8EC2 /* MovieEntity+CoreDataProperties.swift */; };
		EEE18157219594B80002FD74 /* MovieDetailsViewController.swift in Sources */ = {isa = PBXBuildFile; fileRef = EEE18156219594B80002FD74 /* MovieDetailsViewController.swift */; };
/* End PBXBuildFile section */

/* Begin PBXContainerItemProxy section */
		EE47BD3121947E1B007A61D7 /* PBXContainerItemProxy */ = {
			isa = PBXContainerItemProxy;
			containerPortal = EE47BD1221947E18007A61D7 /* Project object */;
			proxyType = 1;
			remoteGlobalIDString = EE47BD1921947E19007A61D7;
			remoteInfo = Swars;
		};
/* End PBXContainerItemProxy section */

/* Begin PBXFileReference section */
		EE47BD1A21947E19007A61D7 /* Swars.app */ = {isa = PBXFileReference; explicitFileType = wrapper.application; includeInIndex = 0; path = Swars.app; sourceTree = BUILT_PRODUCTS_DIR; };
		EE47BD1D21947E19007A61D7 /* AppDelegate.swift */ = {isa = PBXFileReference; lastKnownFileType = sourcecode.swift; path = AppDelegate.swift; sourceTree = "<group>"; };
		EE47BD2421947E19007A61D7 /* Base */ = {isa = PBXFileReference; lastKnownFileType = file.storyboard; name = Base; path = Base.lproj/Main.storyboard; sourceTree = "<group>"; };
		EE47BD2621947E1B007A61D7 /* Assets.xcassets */ = {isa = PBXFileReference; lastKnownFileType = folder.assetcatalog; path = Assets.xcassets; sourceTree = "<group>"; };
		EE47BD2921947E1B007A61D7 /* Base */ = {isa = PBXFileReference; lastKnownFileType = file.storyboard; name = Base; path = Base.lproj/LaunchScreen.storyboard; sourceTree = "<group>"; };
		EE47BD2B21947E1B007A61D7 /* Info.plist */ = {isa = PBXFileReference; lastKnownFileType = text.plist.xml; path = Info.plist; sourceTree = "<group>"; };
		EE47BD3021947E1B007A61D7 /* SwarsTests.xctest */ = {isa = PBXFileReference; explicitFileType = wrapper.cfbundle; includeInIndex = 0; path = SwarsTests.xctest; sourceTree = BUILT_PRODUCTS_DIR; };
		EE47BD3421947E1B007A61D7 /* SwarsTests.swift */ = {isa = PBXFileReference; lastKnownFileType = sourcecode.swift; path = SwarsTests.swift; sourceTree = "<group>"; };
		EE47BD3621947E1B007A61D7 /* Info.plist */ = {isa = PBXFileReference; lastKnownFileType = text.plist.xml; path = Info.plist; sourceTree = "<group>"; };
		EE47BD4321948F4A007A61D7 /* FavoritesViewController.swift */ = {isa = PBXFileReference; lastKnownFileType = sourcecode.swift; path = FavoritesViewController.swift; sourceTree = "<group>"; };
		EE47BD45219493A1007A61D7 /* CharactersViewController.swift */ = {isa = PBXFileReference; lastKnownFileType = sourcecode.swift; path = CharactersViewController.swift; sourceTree = "<group>"; };
		EE8BE3EA2194D785005B8EC2 /* MoviesViewController.swift */ = {isa = PBXFileReference; lastKnownFileType = sourcecode.swift; path = MoviesViewController.swift; sourceTree = "<group>"; };
		EE8BE3EE2194DA3E005B8EC2 /* MoviesTableViewCell.swift */ = {isa = PBXFileReference; lastKnownFileType = sourcecode.swift; path = MoviesTableViewCell.swift; sourceTree = "<group>"; };
		EE8BE3F02194DC1E005B8EC2 /* MovieResponse.swift */ = {isa = PBXFileReference; lastKnownFileType = sourcecode.swift; path = MovieResponse.swift; sourceTree = "<group>"; };
		EE8BE3F22194DCDC005B8EC2 /* Character.swift */ = {isa = PBXFileReference; lastKnownFileType = sourcecode.swift; path = Character.swift; sourceTree = "<group>"; };
		EE8BE3F62194DE00005B8EC2 /* SwarsRepository.xcdatamodel */ = {isa = PBXFileReference; lastKnownFileType = wrapper.xcdatamodel; path = SwarsRepository.xcdatamodel; sourceTree = "<group>"; };
		EE8BE4182194E607005B8EC2 /* CharacterEntity+CoreDataClass.swift */ = {isa = PBXFileReference; lastKnownFileType = sourcecode.swift; path = "CharacterEntity+CoreDataClass.swift"; sourceTree = "<group>"; };
		EE8BE4192194E607005B8EC2 /* CharacterEntity+CoreDataProperties.swift */ = {isa = PBXFileReference; lastKnownFileType = sourcecode.swift; path = "CharacterEntity+CoreDataProperties.swift"; sourceTree = "<group>"; };
		EE8BE41A2194E607005B8EC2 /* MovieEntity+CoreDataClass.swift */ = {isa = PBXFileReference; lastKnownFileType = sourcecode.swift; path = "MovieEntity+CoreDataClass.swift"; sourceTree = "<group>"; };
		EE8BE41B2194E607005B8EC2 /* MovieEntity+CoreDataProperties.swift */ = {isa = PBXFileReference; lastKnownFileType = sourcecode.swift; path = "MovieEntity+CoreDataProperties.swift"; sourceTree = "<group>"; };
		EEE18156219594B80002FD74 /* MovieDetailsViewController.swift */ = {isa = PBXFileReference; lastKnownFileType = sourcecode.swift; path = MovieDetailsViewController.swift; sourceTree = "<group>"; };
/* End PBXFileReference section */

/* Begin PBXFrameworksBuildPhase section */
		EE47BD1721947E19007A61D7 /* Frameworks */ = {
			isa = PBXFrameworksBuildPhase;
			buildActionMask = 2147483647;
			files = (
			);
			runOnlyForDeploymentPostprocessing = 0;
		};
		EE47BD2D21947E1B007A61D7 /* Frameworks */ = {
			isa = PBXFrameworksBuildPhase;
			buildActionMask = 2147483647;
			files = (
			);
			runOnlyForDeploymentPostprocessing = 0;
		};
/* End PBXFrameworksBuildPhase section */

/* Begin PBXGroup section */
		EE47BD1121947E18007A61D7 = {
			isa = PBXGroup;
			children = (
				EE47BD1C21947E19007A61D7 /* Swars */,
				EE47BD3321947E1B007A61D7 /* SwarsTests */,
				EE47BD1B21947E19007A61D7 /* Products */,
			);
			sourceTree = "<group>";
		};
		EE47BD1B21947E19007A61D7 /* Products */ = {
			isa = PBXGroup;
			children = (
				EE47BD1A21947E19007A61D7 /* Swars.app */,
				EE47BD3021947E1B007A61D7 /* SwarsTests.xctest */,
			);
			name = Products;
			sourceTree = "<group>";
		};
		EE47BD1C21947E19007A61D7 /* Swars */ = {
			isa = PBXGroup;
			children = (
				EE8BE3EC2194D799005B8EC2 /* Controllers */,
				EE8BE3ED2194D7AC005B8EC2 /* Model */,
				EE8BE3F42194DDD7005B8EC2 /* Repository */,
				EE8BE4202194E9EA005B8EC2 /* Utils */,
				EE47BD1D21947E19007A61D7 /* AppDelegate.swift */,
				EE47BD2321947E19007A61D7 /* Main.storyboard */,
				EE47BD2621947E1B007A61D7 /* Assets.xcassets */,
				EE47BD2821947E1B007A61D7 /* LaunchScreen.storyboard */,
				EE47BD2B21947E1B007A61D7 /* Info.plist */,
			);
			path = Swars;
			sourceTree = "<group>";
		};
		EE47BD3321947E1B007A61D7 /* SwarsTests */ = {
			isa = PBXGroup;
			children = (
				EE47BD3421947E1B007A61D7 /* SwarsTests.swift */,
				EE47BD3621947E1B007A61D7 /* Info.plist */,
			);
			path = SwarsTests;
			sourceTree = "<group>";
		};
		EE8BE3EC2194D799005B8EC2 /* Controllers */ = {
			isa = PBXGroup;
			children = (
				EE8BE3EA2194D785005B8EC2 /* MoviesViewController.swift */,
				EE47BD45219493A1007A61D7 /* CharactersViewController.swift */,
				EE47BD4321948F4A007A61D7 /* FavoritesViewController.swift */,
				EE8BE3EE2194DA3E005B8EC2 /* MoviesTableViewCell.swift */,
				EEE18156219594B80002FD74 /* MovieDetailsViewController.swift */,
			);
			path = Controllers;
			sourceTree = "<group>";
		};
		EE8BE3ED2194D7AC005B8EC2 /* Model */ = {
			isa = PBXGroup;
			children = (
				EE8BE3F02194DC1E005B8EC2 /* MovieResponse.swift */,
				EE8BE3F22194DCDC005B8EC2 /* Character.swift */,
			);
			path = Model;
			sourceTree = "<group>";
		};
		EE8BE3F42194DDD7005B8EC2 /* Repository */ = {
			isa = PBXGroup;
			children = (
				EE8BE4182194E607005B8EC2 /* CharacterEntity+CoreDataClass.swift */,
				EE8BE4192194E607005B8EC2 /* CharacterEntity+CoreDataProperties.swift */,
				EE8BE41A2194E607005B8EC2 /* MovieEntity+CoreDataClass.swift */,
				EE8BE41B2194E607005B8EC2 /* MovieEntity+CoreDataProperties.swift */,
				EE8BE3F52194DE00005B8EC2 /* SwarsRepository.xcdatamodeld */,
			);
			path = Repository;
			sourceTree = "<group>";
		};
		EE8BE4202194E9EA005B8EC2 /* Utils */ = {
			isa = PBXGroup;
			children = (
			);
			path = Utils;
			sourceTree = "<group>";
		};
/* End PBXGroup section */

/* Begin PBXNativeTarget section */
		EE47BD1921947E19007A61D7 /* Swars */ = {
			isa = PBXNativeTarget;
			buildConfigurationList = EE47BD3921947E1B007A61D7 /* Build configuration list for PBXNativeTarget "Swars" */;
			buildPhases = (
				EE47BD1621947E19007A61D7 /* Sources */,
				EE47BD1721947E19007A61D7 /* Frameworks */,
				EE47BD1821947E19007A61D7 /* Resources */,
			);
			buildRules = (
			);
			dependencies = (
			);
			name = Swars;
			productName = Swars;
			productReference = EE47BD1A21947E19007A61D7 /* Swars.app */;
			productType = "com.apple.product-type.application";
		};
		EE47BD2F21947E1B007A61D7 /* SwarsTests */ = {
			isa = PBXNativeTarget;
			buildConfigurationList = EE47BD3C21947E1B007A61D7 /* Build configuration list for PBXNativeTarget "SwarsTests" */;
			buildPhases = (
				EE47BD2C21947E1B007A61D7 /* Sources */,
				EE47BD2D21947E1B007A61D7 /* Frameworks */,
				EE47BD2E21947E1B007A61D7 /* Resources */,
			);
			buildRules = (
			);
			dependencies = (
				EE47BD3221947E1B007A61D7 /* PBXTargetDependency */,
			);
			name = SwarsTests;
			productName = SwarsTests;
			productReference = EE47BD3021947E1B007A61D7 /* SwarsTests.xctest */;
			productType = "com.apple.product-type.bundle.unit-test";
		};
/* End PBXNativeTarget section */

/* Begin PBXProject section */
		EE47BD1221947E18007A61D7 /* Project object */ = {
			isa = PBXProject;
			attributes = {
				LastSwiftUpdateCheck = 1010;
				LastUpgradeCheck = 1010;
				ORGANIZATIONNAME = "Endre Mikal Synnes";
				TargetAttributes = {
					EE47BD1921947E19007A61D7 = {
						CreatedOnToolsVersion = 10.1;
					};
					EE47BD2F21947E1B007A61D7 = {
						CreatedOnToolsVersion = 10.1;
						TestTargetID = EE47BD1921947E19007A61D7;
					};
				};
			};
			buildConfigurationList = EE47BD1521947E18007A61D7 /* Build configuration list for PBXProject "Swars" */;
			compatibilityVersion = "Xcode 9.3";
			developmentRegion = en;
			hasScannedForEncodings = 0;
			knownRegions = (
				en,
				Base,
			);
			mainGroup = EE47BD1121947E18007A61D7;
			productRefGroup = EE47BD1B21947E19007A61D7 /* Products */;
			projectDirPath = "";
			projectRoot = "";
			targets = (
				EE47BD1921947E19007A61D7 /* Swars */,
				EE47BD2F21947E1B007A61D7 /* SwarsTests */,
			);
		};
/* End PBXProject section */

/* Begin PBXResourcesBuildPhase section */
		EE47BD1821947E19007A61D7 /* Resources */ = {
			isa = PBXResourcesBuildPhase;
			buildActionMask = 2147483647;
			files = (
				EE47BD2A21947E1B007A61D7 /* LaunchScreen.storyboard in Resources */,
				EE47BD2721947E1B007A61D7 /* Assets.xcassets in Resources */,
				EE47BD2521947E19007A61D7 /* Main.storyboard in Resources */,
			);
			runOnlyForDeploymentPostprocessing = 0;
		};
		EE47BD2E21947E1B007A61D7 /* Resources */ = {
			isa = PBXResourcesBuildPhase;
			buildActionMask = 2147483647;
			files = (
			);
			runOnlyForDeploymentPostprocessing = 0;
		};
/* End PBXResourcesBuildPhase section */

/* Begin PBXSourcesBuildPhase section */
		EE47BD1621947E19007A61D7 /* Sources */ = {
			isa = PBXSourcesBuildPhase;
			buildActionMask = 2147483647;
			files = (
				EE47BD46219493A1007A61D7 /* CharactersViewController.swift in Sources */,
				EE47BD4421948F4A007A61D7 /* FavoritesViewController.swift in Sources */,
				EEE18157219594B80002FD74 /* MovieDetailsViewController.swift in Sources */,
				EE8BE41E2194E607005B8EC2 /* MovieEntity+CoreDataClass.swift in Sources */,
				EE8BE41D2194E607005B8EC2 /* CharacterEntity+CoreDataProperties.swift in Sources */,
				EE8BE3F32194DCDC005B8EC2 /* Character.swift in Sources */,
				EE8BE3F12194DC1E005B8EC2 /* MovieResponse.swift in Sources */,
				EE8BE41C2194E607005B8EC2 /* CharacterEntity+CoreDataClass.swift in Sources */,
				EE8BE3F72194DE00005B8EC2 /* SwarsRepository.xcdatamodeld in Sources */,
				EE8BE3EF2194DA3E005B8EC2 /* MoviesTableViewCell.swift in Sources */,
				EE47BD1E21947E19007A61D7 /* AppDelegate.swift in Sources */,
				EE8BE3EB2194D785005B8EC2 /* MoviesViewController.swift in Sources */,
				EE8BE41F2194E607005B8EC2 /* MovieEntity+CoreDataProperties.swift in Sources */,
			);
			runOnlyForDeploymentPostprocessing = 0;
		};
		EE47BD2C21947E1B007A61D7 /* Sources */ = {
			isa = PBXSourcesBuildPhase;
			buildActionMask = 2147483647;
			files = (
				EE47BD3521947E1B007A61D7 /* SwarsTests.swift in Sources */,
			);
			runOnlyForDeploymentPostprocessing = 0;
		};
/* End PBXSourcesBuildPhase section */

/* Begin PBXTargetDependency section */
		EE47BD3221947E1B007A61D7 /* PBXTargetDependency */ = {
			isa = PBXTargetDependency;
			target = EE47BD1921947E19007A61D7 /* Swars */;
			targetProxy = EE47BD3121947E1B007A61D7 /* PBXContainerItemProxy */;
		};
/* End PBXTargetDependency section */

/* Begin PBXVariantGroup section */
		EE47BD2321947E19007A61D7 /* Main.storyboard */ = {
			isa = PBXVariantGroup;
			children = (
				EE47BD2421947E19007A61D7 /* Base */,
			);
			name = Main.storyboard;
			sourceTree = "<group>";
		};
		EE47BD2821947E1B007A61D7 /* LaunchScreen.storyboard */ = {
			isa = PBXVariantGroup;
			children = (
				EE47BD2921947E1B007A61D7 /* Base */,
			);
			name = LaunchScreen.storyboard;
			sourceTree = "<group>";
		};
/* End PBXVariantGroup section */

/* Begin XCBuildConfiguration section */
		EE47BD3721947E1B007A61D7 /* Debug */ = {
			isa = XCBuildConfiguration;
			buildSettings = {
				ALWAYS_SEARCH_USER_PATHS = NO;
				CLANG_ANALYZER_NONNULL = YES;
				CLANG_ANALYZER_NUMBER_OBJECT_CONVERSION = YES_AGGRESSIVE;
				CLANG_CXX_LANGUAGE_STANDARD = "gnu++14";
				CLANG_CXX_LIBRARY = "libc++";
				CLANG_ENABLE_MODULES = YES;
				CLANG_ENABLE_OBJC_ARC = YES;
				CLANG_ENABLE_OBJC_WEAK = YES;
				CLANG_WARN_BLOCK_CAPTURE_AUTORELEASING = YES;
				CLANG_WARN_BOOL_CONVERSION = YES;
				CLANG_WARN_COMMA = YES;
				CLANG_WARN_CONSTANT_CONVERSION = YES;
				CLANG_WARN_DEPRECATED_OBJC_IMPLEMENTATIONS = YES;
				CLANG_WARN_DIRECT_OBJC_ISA_USAGE = YES_ERROR;
				CLANG_WARN_DOCUMENTATION_COMMENTS = YES;
				CLANG_WARN_EMPTY_BODY = YES;
				CLANG_WARN_ENUM_CONVERSION = YES;
				CLANG_WARN_INFINITE_RECURSION = YES;
				CLANG_WARN_INT_CONVERSION = YES;
				CLANG_WARN_NON_LITERAL_NULL_CONVERSION = YES;
				CLANG_WARN_OBJC_IMPLICIT_RETAIN_SELF = YES;
				CLANG_WARN_OBJC_LITERAL_CONVERSION = YES;
				CLANG_WARN_OBJC_ROOT_CLASS = YES_ERROR;
				CLANG_WARN_RANGE_LOOP_ANALYSIS = YES;
				CLANG_WARN_STRICT_PROTOTYPES = YES;
				CLANG_WARN_SUSPICIOUS_MOVE = YES;
				CLANG_WARN_UNGUARDED_AVAILABILITY = YES_AGGRESSIVE;
				CLANG_WARN_UNREACHABLE_CODE = YES;
				CLANG_WARN__DUPLICATE_METHOD_MATCH = YES;
				CODE_SIGN_IDENTITY = "iPhone Developer";
				COPY_PHASE_STRIP = NO;
				DEBUG_INFORMATION_FORMAT = dwarf;
				ENABLE_STRICT_OBJC_MSGSEND = YES;
				ENABLE_TESTABILITY = YES;
				GCC_C_LANGUAGE_STANDARD = gnu11;
				GCC_DYNAMIC_NO_PIC = NO;
				GCC_NO_COMMON_BLOCKS = YES;
				GCC_OPTIMIZATION_LEVEL = 0;
				GCC_PREPROCESSOR_DEFINITIONS = (
					"DEBUG=1",
					"$(inherited)",
				);
				GCC_WARN_64_TO_32_BIT_CONVERSION = YES;
				GCC_WARN_ABOUT_RETURN_TYPE = YES_ERROR;
				GCC_WARN_UNDECLARED_SELECTOR = YES;
				GCC_WARN_UNINITIALIZED_AUTOS = YES_AGGRESSIVE;
				GCC_WARN_UNUSED_FUNCTION = YES;
				GCC_WARN_UNUSED_VARIABLE = YES;
				IPHONEOS_DEPLOYMENT_TARGET = 12.1;
				MTL_ENABLE_DEBUG_INFO = INCLUDE_SOURCE;
				MTL_FAST_MATH = YES;
				ONLY_ACTIVE_ARCH = YES;
				SDKROOT = iphoneos;
				SWIFT_ACTIVE_COMPILATION_CONDITIONS = DEBUG;
				SWIFT_OPTIMIZATION_LEVEL = "-Onone";
			};
			name = Debug;
		};
		EE47BD3821947E1B007A61D7 /* Release */ = {
			isa = XCBuildConfiguration;
			buildSettings = {
				ALWAYS_SEARCH_USER_PATHS = NO;
				CLANG_ANALYZER_NONNULL = YES;
				CLANG_ANALYZER_NUMBER_OBJECT_CONVERSION = YES_AGGRESSIVE;
				CLANG_CXX_LANGUAGE_STANDARD = "gnu++14";
				CLANG_CXX_LIBRARY = "libc++";
				CLANG_ENABLE_MODULES = YES;
				CLANG_ENABLE_OBJC_ARC = YES;
				CLANG_ENABLE_OBJC_WEAK = YES;
				CLANG_WARN_BLOCK_CAPTURE_AUTORELEASING = YES;
				CLANG_WARN_BOOL_CONVERSION = YES;
				CLANG_WARN_COMMA = YES;
				CLANG_WARN_CONSTANT_CONVERSION = YES;
				CLANG_WARN_DEPRECATED_OBJC_IMPLEMENTATIONS = YES;
				CLANG_WARN_DIRECT_OBJC_ISA_USAGE = YES_ERROR;
				CLANG_WARN_DOCUMENTATION_COMMENTS = YES;
				CLANG_WARN_EMPTY_BODY = YES;
				CLANG_WARN_ENUM_CONVERSION = YES;
				CLANG_WARN_INFINITE_RECURSION = YES;
				CLANG_WARN_INT_CONVERSION = YES;
				CLANG_WARN_NON_LITERAL_NULL_CONVERSION = YES;
				CLANG_WARN_OBJC_IMPLICIT_RETAIN_SELF = YES;
				CLANG_WARN_OBJC_LITERAL_CONVERSION = YES;
				CLANG_WARN_OBJC_ROOT_CLASS = YES_ERROR;
				CLANG_WARN_RANGE_LOOP_ANALYSIS = YES;
				CLANG_WARN_STRICT_PROTOTYPES = YES;
				CLANG_WARN_SUSPICIOUS_MOVE = YES;
				CLANG_WARN_UNGUARDED_AVAILABILITY = YES_AGGRESSIVE;
				CLANG_WARN_UNREACHABLE_CODE = YES;
				CLANG_WARN__DUPLICATE_METHOD_MATCH = YES;
				CODE_SIGN_IDENTITY = "iPhone Developer";
				COPY_PHASE_STRIP = NO;
				DEBUG_INFORMATION_FORMAT = "dwarf-with-dsym";
				ENABLE_NS_ASSERTIONS = NO;
				ENABLE_STRICT_OBJC_MSGSEND = YES;
				GCC_C_LANGUAGE_STANDARD = gnu11;
				GCC_NO_COMMON_BLOCKS = YES;
				GCC_WARN_64_TO_32_BIT_CONVERSION = YES;
				GCC_WARN_ABOUT_RETURN_TYPE = YES_ERROR;
				GCC_WARN_UNDECLARED_SELECTOR = YES;
				GCC_WARN_UNINITIALIZED_AUTOS = YES_AGGRESSIVE;
				GCC_WARN_UNUSED_FUNCTION = YES;
				GCC_WARN_UNUSED_VARIABLE = YES;
				IPHONEOS_DEPLOYMENT_TARGET = 12.1;
				MTL_ENABLE_DEBUG_INFO = NO;
				MTL_FAST_MATH = YES;
				SDKROOT = iphoneos;
				SWIFT_COMPILATION_MODE = wholemodule;
				SWIFT_OPTIMIZATION_LEVEL = "-O";
				VALIDATE_PRODUCT = YES;
			};
			name = Release;
		};
		EE47BD3A21947E1B007A61D7 /* Debug */ = {
			isa = XCBuildConfiguration;
			buildSettings = {
				ASSETCATALOG_COMPILER_APPICON_NAME = AppIcon;
				CODE_SIGN_STYLE = Automatic;
				DEVELOPMENT_TEAM = X7G34L2RRJ;
				INFOPLIST_FILE = Swars/Info.plist;
				LD_RUNPATH_SEARCH_PATHS = (
					"$(inherited)",
					"@executable_path/Frameworks",
				);
				PRODUCT_BUNDLE_IDENTIFIER = com.endre.Swars;
				PRODUCT_NAME = "$(TARGET_NAME)";
				SWIFT_VERSION = 4.2;
				TARGETED_DEVICE_FAMILY = "1,2";
			};
			name = Debug;
		};
		EE47BD3B21947E1B007A61D7 /* Release */ = {
			isa = XCBuildConfiguration;
			buildSettings = {
				ASSETCATALOG_COMPILER_APPICON_NAME = AppIcon;
				CODE_SIGN_STYLE = Automatic;
				DEVELOPMENT_TEAM = X7G34L2RRJ;
				INFOPLIST_FILE = Swars/Info.plist;
				LD_RUNPATH_SEARCH_PATHS = (
					"$(inherited)",
					"@executable_path/Frameworks",
				);
				PRODUCT_BUNDLE_IDENTIFIER = com.endre.Swars;
				PRODUCT_NAME = "$(TARGET_NAME)";
				SWIFT_VERSION = 4.2;
				TARGETED_DEVICE_FAMILY = "1,2";
			};
			name = Release;
		};
		EE47BD3D21947E1B007A61D7 /* Debug */ = {
			isa = XCBuildConfiguration;
			buildSettings = {
				ALWAYS_EMBED_SWIFT_STANDARD_LIBRARIES = YES;
				BUNDLE_LOADER = "$(TEST_HOST)";
				CODE_SIGN_STYLE = Automatic;
				DEVELOPMENT_TEAM = X7G34L2RRJ;
				INFOPLIST_FILE = SwarsTests/Info.plist;
				LD_RUNPATH_SEARCH_PATHS = (
					"$(inherited)",
					"@executable_path/Frameworks",
					"@loader_path/Frameworks",
				);
				PRODUCT_BUNDLE_IDENTIFIER = com.endre.SwarsTests;
				PRODUCT_NAME = "$(TARGET_NAME)";
				SWIFT_VERSION = 4.2;
				TARGETED_DEVICE_FAMILY = "1,2";
				TEST_HOST = "$(BUILT_PRODUCTS_DIR)/Swars.app/Swars";
			};
			name = Debug;
		};
		EE47BD3E21947E1B007A61D7 /* Release */ = {
			isa = XCBuildConfiguration;
			buildSettings = {
				ALWAYS_EMBED_SWIFT_STANDARD_LIBRARIES = YES;
				BUNDLE_LOADER = "$(TEST_HOST)";
				CODE_SIGN_STYLE = Automatic;
				DEVELOPMENT_TEAM = X7G34L2RRJ;
				INFOPLIST_FILE = SwarsTests/Info.plist;
				LD_RUNPATH_SEARCH_PATHS = (
					"$(inherited)",
					"@executable_path/Frameworks",
					"@loader_path/Frameworks",
				);
				PRODUCT_BUNDLE_IDENTIFIER = com.endre.SwarsTests;
				PRODUCT_NAME = "$(TARGET_NAME)";
				SWIFT_VERSION = 4.2;
				TARGETED_DEVICE_FAMILY = "1,2";
				TEST_HOST = "$(BUILT_PRODUCTS_DIR)/Swars.app/Swars";
			};
			name = Release;
		};
/* End XCBuildConfiguration section */

/* Begin XCConfigurationList section */
		EE47BD1521947E18007A61D7 /* Build configuration list for PBXProject "Swars" */ = {
			isa = XCConfigurationList;
			buildConfigurations = (
				EE47BD3721947E1B007A61D7 /* Debug */,
				EE47BD3821947E1B007A61D7 /* Release */,
			);
			defaultConfigurationIsVisible = 0;
			defaultConfigurationName = Release;
		};
		EE47BD3921947E1B007A61D7 /* Build configuration list for PBXNativeTarget "Swars" */ = {
			isa = XCConfigurationList;
			buildConfigurations = (
				EE47BD3A21947E1B007A61D7 /* Debug */,
				EE47BD3B21947E1B007A61D7 /* Release */,
			);
			defaultConfigurationIsVisible = 0;
			defaultConfigurationName = Release;
		};
		EE47BD3C21947E1B007A61D7 /* Build configuration list for PBXNativeTarget "SwarsTests" */ = {
			isa = XCConfigurationList;
			buildConfigurations = (
				EE47BD3D21947E1B007A61D7 /* Debug */,
				EE47BD3E21947E1B007A61D7 /* Release */,
			);
			defaultConfigurationIsVisible = 0;
			defaultConfigurationName = Release;
		};
/* End XCConfigurationList section */

/* Begin XCVersionGroup section */
		EE8BE3F52194DE00005B8EC2 /* SwarsRepository.xcdatamodeld */ = {
			isa = XCVersionGroup;
			children = (
				EE8BE3F62194DE00005B8EC2 /* SwarsRepository.xcdatamodel */,
			);
			currentVersion = EE8BE3F62194DE00005B8EC2 /* SwarsRepository.xcdatamodel */;
			path = SwarsRepository.xcdatamodeld;
			sourceTree = "<group>";
			versionGroupType = wrapper.xcdatamodel;
		};
/* End XCVersionGroup section */
	};
	rootObject = EE47BD1221947E18007A61D7 /* Project object */;
}
